
Microsoft Visual Studio Solution File, Format Version 12.00
# Visual Studio Version 17
VisualStudioVersion = 17.0.31903.59
MinimumVisualStudioVersion = 10.0.40219.1
Project("{2150E333-8FDC-42A3-9474-1A3956D46DE8}") = "src", "src", "{827E0CD3-B72D-47B6-A68D-7590B98EB39B}"
EndProject
Project("{FAE04EC0-301F-11D3-BF4B-00C04F79EFBC}") = "Prana.Core", "src\Prana.Core\Prana.Core.csproj", "{5080484C-7C95-4F37-9F1A-B915BB156267}"
EndProject
Project("{2150E333-8FDC-42A3-9474-1A3956D46DE8}") = "tests", "tests", "{0AB3BF05-4346-4AA6-1389-037BE0695223}"
EndProject
Project("{FAE04EC0-301F-11D3-BF4B-00C04F79EFBC}") = "Prana.Core.Tests", "tests\Prana.Core.Tests\Prana.Core.Tests.csproj", "{C1F981BB-8F40-45F3-9952-5C8C3ADB7CC1}"
EndProject
Project("{2150E333-8FDC-42A3-9474-1A3956D46DE8}") = "tools", "tools", "{07C2787E-EAC7-C090-1BA3-A61EC2A24D84}"
EndProject
Project("{FAE04EC0-301F-11D3-BF4B-00C04F79EFBC}") = "Prana.Tools.Validator", "tools\Prana.Tools.Validator\Prana.Tools.Validator.csproj", "{1233E31D-322B-4BA5-8B98-1E477B192136}"
EndProject
Project("{FAE04EC0-301F-11D3-BF4B-00C04F79EFBC}") = "Prana.Tools.Validator.Tests", "tests\Prana.Tools.Validator.Tests\Prana.Tools.Validator.Tests.csproj", "{5C22EAFA-674B-4A31-8C20-F739CA176BBC}"
EndProject
Project("{FAE04EC0-301F-11D3-BF4B-00C04F79EFBC}") = "Prana.Tools.Importer", "tools\Prana.Tools.Importer\Prana.Tools.Importer.csproj", "{4CF1BE11-8D0E-487F-8D95-6A3A82AB9AAC}"
EndProject
Project("{FAE04EC0-301F-11D3-BF4B-00C04F79EFBC}") = "Prana.Tools.Importer.Tests", "tests\Prana.Tools.Importer.Tests\Prana.Tools.Importer.Tests.csproj", "{B07EB686-4AB5-451F-B50C-0B689D7F2606}"
EndProject
Project("{FAE04EC0-301F-11D3-BF4B-00C04F79EFBC}") = "Prana.Tools.CatalogueBuilder", "tools\Prana.Tools.CatalogueBuilder\Prana.Tools.CatalogueBuilder.csproj", "{31DF2A7E-858C-44DD-A437-488398742159}"
EndProject
Project("{FAE04EC0-301F-11D3-BF4B-00C04F79EFBC}") = "Prana.Tools.CatalogueBuilder.Tests", "tests\Prana.Tools.CatalogueBuilder.Tests\Prana.Tools.CatalogueBuilder.Tests.csproj", "{28C431FA-7AD9-48B9-A6BD-DEEB90FABABE}"
EndProject
Global
	GlobalSection(SolutionConfigurationPlatforms) = preSolution
		Debug|Any CPU = Debug|Any CPU
		Debug|x64 = Debug|x64
		Debug|x86 = Debug|x86
		Release|Any CPU = Release|Any CPU
		Release|x64 = Release|x64
		Release|x86 = Release|x86
	EndGlobalSection
	GlobalSection(ProjectConfigurationPlatforms) = postSolution
		{5080484C-7C95-4F37-9F1A-B915BB156267}.Debug|Any CPU.ActiveCfg = Debug|Any CPU
		{5080484C-7C95-4F37-9F1A-B915BB156267}.Debug|Any CPU.Build.0 = Debug|Any CPU
		{5080484C-7C95-4F37-9F1A-B915BB156267}.Debug|x64.ActiveCfg = Debug|Any CPU
		{5080484C-7C95-4F37-9F1A-B915BB156267}.Debug|x64.Build.0 = Debug|Any CPU
		{5080484C-7C95-4F37-9F1A-B915BB156267}.Debug|x86.ActiveCfg = Debug|Any CPU
		{5080484C-7C95-4F37-9F1A-B915BB156267}.Debug|x86.Build.0 = Debug|Any CPU
		{5080484C-7C95-4F37-9F1A-B915BB156267}.Release|Any CPU.ActiveCfg = Release|Any CPU
		{5080484C-7C95-4F37-9F1A-B915BB156267}.Release|Any CPU.Build.0 = Release|Any CPU
		{5080484C-7C95-4F37-9F1A-B915BB156267}.Release|x64.ActiveCfg = Release|Any CPU
		{5080484C-7C95-4F37-9F1A-B915BB156267}.Release|x64.Build.0 = Release|Any CPU
		{5080484C-7C95-4F37-9F1A-B915BB156267}.Release|x86.ActiveCfg = Release|Any CPU
		{5080484C-7C95-4F37-9F1A-B915BB156267}.Release|x86.Build.0 = Release|Any CPU
		{C1F981BB-8F40-45F3-9952-5C8C3ADB7CC1}.Debug|Any CPU.ActiveCfg = Debug|Any CPU
		{C1F981BB-8F40-45F3-9952-5C8C3ADB7CC1}.Debug|Any CPU.Build.0 = Debug|Any CPU
		{C1F981BB-8F40-45F3-9952-5C8C3ADB7CC1}.Debug|x64.ActiveCfg = Debug|Any CPU
		{C1F981BB-8F40-45F3-9952-5C8C3ADB7CC1}.Debug|x64.Build.0 = Debug|Any CPU
		{C1F981BB-8F40-45F3-9952-5C8C3ADB7CC1}.Debug|x86.ActiveCfg = Debug|Any CPU
		{C1F981BB-8F40-45F3-9952-5C8C3ADB7CC1}.Debug|x86.Build.0 = Debug|Any CPU
		{C1F981BB-8F40-45F3-9952-5C8C3ADB7CC1}.Release|Any CPU.ActiveCfg = Release|Any CPU
		{C1F981BB-8F40-45F3-9952-5C8C3ADB7CC1}.Release|Any CPU.Build.0 = Release|Any CPU
		{C1F981BB-8F40-45F3-9952-5C8C3ADB7CC1}.Release|x64.ActiveCfg = Release|Any CPU
		{C1F981BB-8F40-45F3-9952-5C8C3ADB7CC1}.Release|x64.Build.0 = Release|Any CPU
		{C1F981BB-8F40-45F3-9952-5C8C3ADB7CC1}.Release|x86.ActiveCfg = Release|Any CPU
		{C1F981BB-8F40-45F3-9952-5C8C3ADB7CC1}.Release|x86.Build.0 = Release|Any CPU
		{1233E31D-322B-4BA5-8B98-1E477B192136}.Debug|Any CPU.ActiveCfg = Debug|Any CPU
		{1233E31D-322B-4BA5-8B98-1E477B192136}.Debug|Any CPU.Build.0 = Debug|Any CPU
		{1233E31D-322B-4BA5-8B98-1E477B192136}.Debug|x64.ActiveCfg = Debug|Any CPU
		{1233E31D-322B-4BA5-8B98-1E477B192136}.Debug|x64.Build.0 = Debug|Any CPU
		{1233E31D-322B-4BA5-8B98-1E477B192136}.Debug|x86.ActiveCfg = Debug|Any CPU
		{1233E31D-322B-4BA5-8B98-1E477B192136}.Debug|x86.Build.0 = Debug|Any CPU
		{1233E31D-322B-4BA5-8B98-1E477B192136}.Release|Any CPU.ActiveCfg = Release|Any CPU
		{1233E31D-322B-4BA5-8B98-1E477B192136}.Release|Any CPU.Build.0 = Release|Any CPU
		{1233E31D-322B-4BA5-8B98-1E477B192136}.Release|x64.ActiveCfg = Release|Any CPU
		{1233E31D-322B-4BA5-8B98-1E477B192136}.Release|x64.Build.0 = Release|Any CPU
		{1233E31D-322B-4BA5-8B98-1E477B192136}.Release|x86.ActiveCfg = Release|Any CPU
		{1233E31D-322B-4BA5-8B98-1E477B192136}.Release|x86.Build.0 = Release|Any CPU
		{5C22EAFA-674B-4A31-8C20-F739CA176BBC}.Debug|Any CPU.ActiveCfg = Debug|Any CPU
		{5C22EAFA-674B-4A31-8C20-F739CA176BBC}.Debug|Any CPU.Build.0 = Debug|Any CPU
		{5C22EAFA-674B-4A31-8C20-F739CA176BBC}.Debug|x64.ActiveCfg = Debug|Any CPU
		{5C22EAFA-674B-4A31-8C20-F739CA176BBC}.Debug|x64.Build.0 = Debug|Any CPU
		{5C22EAFA-674B-4A31-8C20-F739CA176BBC}.Debug|x86.ActiveCfg = Debug|Any CPU
		{5C22EAFA-674B-4A31-8C20-F739CA176BBC}.Debug|x86.Build.0 = Debug|Any CPU
		{5C22EAFA-674B-4A31-8C20-F739CA176BBC}.Release|Any CPU.ActiveCfg = Release|Any CPU
		{5C22EAFA-674B-4A31-8C20-F739CA176BBC}.Release|Any CPU.Build.0 = Release|Any CPU
		{5C22EAFA-674B-4A31-8C20-F739CA176BBC}.Release|x64.ActiveCfg = Release|Any CPU
		{5C22EAFA-674B-4A31-8C20-F739CA176BBC}.Release|x64.Build.0 = Release|Any CPU
		{5C22EAFA-674B-4A31-8C20-F739CA176BBC}.Release|x86.ActiveCfg = Release|Any CPU
		{5C22EAFA-674B-4A31-8C20-F739CA176BBC}.Release|x86.Build.0 = Release|Any CPU
		{4CF1BE11-8D0E-487F-8D95-6A3A82AB9AAC}.Debug|Any CPU.ActiveCfg = Debug|Any CPU
		{4CF1BE11-8D0E-487F-8D95-6A3A82AB9AAC}.Debug|Any CPU.Build.0 = Debug|Any CPU
		{4CF1BE11-8D0E-487F-8D95-6A3A82AB9AAC}.Debug|x64.ActiveCfg = Debug|Any CPU
		{4CF1BE11-8D0E-487F-8D95-6A3A82AB9AAC}.Debug|x64.Build.0 = Debug|Any CPU
		{4CF1BE11-8D0E-487F-8D95-6A3A82AB9AAC}.Debug|x86.ActiveCfg = Debug|Any CPU
		{4CF1BE11-8D0E-487F-8D95-6A3A82AB9AAC}.Debug|x86.Build.0 = Debug|Any CPU
		{4CF1BE11-8D0E-487F-8D95-6A3A82AB9AAC}.Release|Any CPU.ActiveCfg = Release|Any CPU
		{4CF1BE11-8D0E-487F-8D95-6A3A82AB9AAC}.Release|Any CPU.Build.0 = Release|Any CPU
		{4CF1BE11-8D0E-487F-8D95-6A3A82AB9AAC}.Release|x64.ActiveCfg = Release|Any CPU
		{4CF1BE11-8D0E-487F-8D95-6A3A82AB9AAC}.Release|x64.Build.0 = Release|Any CPU
		{4CF1BE11-8D0E-487F-8D95-6A3A82AB9AAC}.Release|x86.ActiveCfg = Release|Any CPU
		{4CF1BE11-8D0E-487F-8D95-6A3A82AB9AAC}.Release|x86.Build.0 = Release|Any CPU
		{B07EB686-4AB5-451F-B50C-0B689D7F2606}.Debug|Any CPU.ActiveCfg = Debug|Any CPU
		{B07EB686-4AB5-451F-B50C-0B689D7F2606}.Debug|Any CPU.Build.0 = Debug|Any CPU
		{B07EB686-4AB5-451F-B50C-0B689D7F2606}.Debug|x64.ActiveCfg = Debug|Any CPU
		{B07EB686-4AB5-451F-B50C-0B689D7F2606}.Debug|x64.Build.0 = Debug|Any CPU
		{B07EB686-4AB5-451F-B50C-0B689D7F2606}.Debug|x86.ActiveCfg = Debug|Any CPU
		{B07EB686-4AB5-451F-B50C-0B689D7F2606}.Debug|x86.Build.0 = Debug|Any CPU
		{B07EB686-4AB5-451F-B50C-0B689D7F2606}.Release|Any CPU.ActiveCfg = Release|Any CPU
		{B07EB686-4AB5-451F-B50C-0B689D7F2606}.Release|Any CPU.Build.0 = Release|Any CPU
		{B07EB686-4AB5-451F-B50C-0B689D7F2606}.Release|x64.ActiveCfg = Release|Any CPU
		{B07EB686-4AB5-451F-B50C-0B689D7F2606}.Release|x64.Build.0 = Release|Any CPU
		{B07EB686-4AB5-451F-B50C-0B689D7F2606}.Release|x86.ActiveCfg = Release|Any CPU
		{B07EB686-4AB5-451F-B50C-0B689D7F2606}.Release|x86.Build.0 = Release|Any CPU
		{31DF2A7E-858C-44DD-A437-488398742159}.Debug|Any CPU.ActiveCfg = Debug|Any CPU
		{31DF2A7E-858C-44DD-A437-488398742159}.Debug|Any CPU.Build.0 = Debug|Any CPU
		{31DF2A7E-858C-44DD-A437-488398742159}.Debug|x64.ActiveCfg = Debug|Any CPU
		{31DF2A7E-858C-44DD-A437-488398742159}.Debug|x64.Build.0 = Debug|Any CPU
		{31DF2A7E-858C-44DD-A437-488398742159}.Debug|x86.ActiveCfg = Debug|Any CPU
		{31DF2A7E-858C-44DD-A437-488398742159}.Debug|x86.Build.0 = Debug|Any CPU
		{31DF2A7E-858C-44DD-A437-488398742159}.Release|Any CPU.ActiveCfg = Release|Any CPU
		{31DF2A7E-858C-44DD-A437-488398742159}.Release|Any CPU.Build.0 = Release|Any CPU
		{31DF2A7E-858C-44DD-A437-488398742159}.Release|x64.ActiveCfg = Release|Any CPU
		{31DF2A7E-858C-44DD-A437-488398742159}.Release|x64.Build.0 = Release|Any CPU
		{31DF2A7E-858C-44DD-A437-488398742159}.Release|x86.ActiveCfg = Release|Any CPU
		{31DF2A7E-858C-44DD-A437-488398742159}.Release|x86.Build.0 = Release|Any CPU
		{28C431FA-7AD9-48B9-A6BD-DEEB90FABABE}.Debug|Any CPU.ActiveCfg = Debug|Any CPU
		{28C431FA-7AD9-48B9-A6BD-DEEB90FABABE}.Debug|Any CPU.Build.0 = Debug|Any CPU
		{28C431FA-7AD9-48B9-A6BD-DEEB90FABABE}.Debug|x64.ActiveCfg = Debug|Any CPU
		{28C431FA-7AD9-48B9-A6BD-DEEB90FABABE}.Debug|x64.Build.0 = Debug|Any CPU
		{28C431FA-7AD9-48B9-A6BD-DEEB90FABABE}.Debug|x86.ActiveCfg = Debug|Any CPU
		{28C431FA-7AD9-48B9-A6BD-DEEB90FABABE}.Debug|x86.Build.0 = Debug|Any CPU
		{28C431FA-7AD9-48B9-A6BD-DEEB90FABABE}.Release|Any CPU.ActiveCfg = Release|Any CPU
		{28C431FA-7AD9-48B9-A6BD-DEEB90FABABE}.Release|Any CPU.Build.0 = Release|Any CPU
		{28C431FA-7AD9-48B9-A6BD-DEEB90FABABE}.Release|x64.ActiveCfg = Release|Any CPU
		{28C431FA-7AD9-48B9-A6BD-DEEB90FABABE}.Release|x64.Build.0 = Release|Any CPU
		{28C431FA-7AD9-48B9-A6BD-DEEB90FABABE}.Release|x86.ActiveCfg = Release|Any CPU
		{28C431FA-7AD9-48B9-A6BD-DEEB90FABABE}.Release|x86.Build.0 = Release|Any CPU
	EndGlobalSection
	GlobalSection(SolutionProperties) = preSolution
		HideSolutionNode = FALSE
	EndGlobalSection
	GlobalSection(NestedProjects) = preSolution
		{5080484C-7C95-4F37-9F1A-B915BB156267} = {827E0CD3-B72D-47B6-A68D-7590B98EB39B}
		{C1F981BB-8F40-45F3-9952-5C8C3ADB7CC1} = {0AB3BF05-4346-4AA6-1389-037BE0695223}
		{1233E31D-322B-4BA5-8B98-1E477B192136} = {07C2787E-EAC7-C090-1BA3-A61EC2A24D84}
		{5C22EAFA-674B-4A31-8C20-F739CA176BBC} = {0AB3BF05-4346-4AA6-1389-037BE0695223}
		{4CF1BE11-8D0E-487F-8D95-6A3A82AB9AAC} = {07C2787E-EAC7-C090-1BA3-A61EC2A24D84}
		{B07EB686-4AB5-451F-B50C-0B689D7F2606} = {0AB3BF05-4346-4AA6-1389-037BE0695223}
		{31DF2A7E-858C-44DD-A437-488398742159} = {07C2787E-EAC7-C090-1BA3-A61EC2A24D84}
		{28C431FA-7AD9-48B9-A6BD-DEEB90FABABE} = {0AB3BF05-4346-4AA6-1389-037BE0695223}
	EndGlobalSection
EndGlobal
